<?xml version="1.0" encoding="utf-8"?>
<Project ToolsVersion="4.0" xmlns="http://schemas.microsoft.com/developer/msbuild/2003">
  <ItemGroup>
    <Filter Include="Source Files">
      <UniqueIdentifier>{4FC737F1-C7A5-4376-A066-2A32D752A2FF}</UniqueIdentifier>
      <Extensions>cpp;c;cc;cxx;def;odl;idl;hpj;bat;asm;asmx</Extensions>
    </Filter>
    <Filter Include="Header Files">
      <UniqueIdentifier>{93995380-89BD-4b04-88EB-625FBE52EBFB}</UniqueIdentifier>
      <Extensions>h;hh;hpp;hxx;hm;inl;inc;xsd</Extensions>
    </Filter>
    <Filter Include="Resource Files">
      <UniqueIdentifier>{67DA6AB6-F800-4c08-8B7A-83BB121AAD01}</UniqueIdentifier>
      <Extensions>rc;ico;cur;bmp;dlg;rc2;rct;bin;rgs;gif;jpg;jpeg;jpe;resx;tiff;tif;png;wav;mfcribbon-ms</Extensions>
    </Filter>
  </ItemGroup>
  <ItemGroup>
    <ClCompile Include="..\source\BM3D.cpp">
      <Filter>Source Files</Filter>
    </ClCompile>
    <ClCompile Include="..\source\BM3D_Base.cpp">
      <Filter>Source Files</Filter>
    </ClCompile>
    <ClCompile Include="..\source\BM3D_Basic.cpp">
      <Filter>Source Files</Filter>
    </ClCompile>
    <ClCompile Include="..\source\BM3D_Final.cpp">
      <Filter>Source Files</Filter>
    </ClCompile>
    <ClCompile Include="..\source\VAggregate.cpp">
      <Filter>Source Files</Filter>
    </ClCompile>
    <ClCompile Include="..\source\VBM3D_Base.cpp">
      <Filter>Source Files</Filter>
    </ClCompile>
    <ClCompile Include="..\source\VBM3D_Basic.cpp">
      <Filter>Source Files</Filter>
    </ClCompile>
    <ClCompile Include="..\source\VBM3D_Final.cpp">
      <Filter>Source Files</Filter>
    </ClCompile>
    <ClCompile Include="..\source\VSPlugin.cpp">
      <Filter>Source Files</Filter>
    </ClCompile>
  </ItemGroup>
  <ItemGroup>
    <ClInclude Include="..\include\Block.h">
      <Filter>Header Files</Filter>
    </ClInclude>
    <ClInclude Include="..\include\BM3D.h">
      <Filter>Header Files</Filter>
    </ClInclude>
    <ClInclude Include="..\include\BM3D_Base.h">
      <Filter>Header Files</Filter>
    </ClInclude>
    <ClInclude Include="..\include\BM3D_Base.hpp">
      <Filter>Header Files</Filter>
    </ClInclude>
    <ClInclude Include="..\include\BM3D_Basic.h">
      <Filter>Header Files</Filter>
    </ClInclude>
    <ClInclude Include="..\include\BM3D_Final.h">
      <Filter>Header Files</Filter>
    </ClInclude>
    <ClInclude Include="..\include\Conversion.hpp">
      <Filter>Header Files</Filter>
    </ClInclude>
    <ClInclude Include="..\include\fftw3_helper.hpp">
      <Filter>Header Files</Filter>
    </ClInclude>
    <ClInclude Include="..\include\Helper.h">
      <Filter>Header Files</Filter>
    </ClInclude>
    <ClInclude Include="..\include\OPP2RGB.h">
      <Filter>Header Files</Filter>
    </ClInclude>
    <ClInclude Include="..\include\RGB2OPP.h">
      <Filter>Header Files</Filter>
    </ClInclude>
    <ClInclude Include="..\include\Specification.h">
      <Filter>Header Files</Filter>
    </ClInclude>
    <ClInclude Include="..\include\Type.h">
      <Filter>Header Files</Filter>
    </ClInclude>
    <ClInclude Include="..\include\VAggregate.h">
      <Filter>Header Files</Filter>
    </ClInclude>
    <ClInclude Include="..\include\VAggregate.hpp">
      <Filter>Header Files</Filter>
    </ClInclude>
    <ClInclude Include="..\include\VBM3D_Base.h">
      <Filter>Header Files</Filter>
    </ClInclude>
    <ClInclude Include="..\include\VBM3D_Base.hpp">
      <Filter>Header Files</Filter>
    </ClInclude>
    <ClInclude Include="..\include\VBM3D_Basic.h">
      <Filter>Header Files</Filter>
    </ClInclude>
    <ClInclude Include="..\include\VBM3D_Final.h">
      <Filter>Header Files</Filter>
    </ClInclude>
  </ItemGroup>
</Project>